
Microsoft Visual Studio Solution File, Format Version 12.00
Project("{FAE04EC0-301F-11D3-BF4B-00C04F79EFBC}") = "Clean.Api", "Clean.Api\Clean.Api.csproj", "{BEB0C315-1857-49EB-9974-A82C2EE50B09}"
EndProject
Project("{FAE04EC0-301F-11D3-BF4B-00C04F79EFBC}") = "Clean.Application", "Clean.Application\Clean.Application.csproj", "{51CA2425-BD02-4B41-BF72-3A22C5658028}"
EndProject
Project("{FAE04EC0-301F-11D3-BF4B-00C04F79EFBC}") = "Clean.Domain", "Clean.Domain\Clean.Domain.csproj", "{4E9DEEF8-D5A9-45E3-9EF0-AFC0347DA9F2}"
EndProject
Project("{FAE04EC0-301F-11D3-BF4B-00C04F79EFBC}") = "Clean.Infrastructure", "Clean.Infrastructure\Clean.Infrastructure.csproj", "{17B5DD79-4328-4C3A-8F25-AB916B2A8526}"
EndProject
Global
	GlobalSection(SolutionConfigurationPlatforms) = preSolution
		Debug|Any CPU = Debug|Any CPU
		Release|Any CPU = Release|Any CPU
	EndGlobalSection
	GlobalSection(ProjectConfigurationPlatforms) = postSolution
		{BEB0C315-1857-49EB-9974-A82C2EE50B09}.Debug|Any CPU.ActiveCfg = Debug|Any CPU
		{BEB0C315-1857-49EB-9974-A82C2EE50B09}.Debug|Any CPU.Build.0 = Debug|Any CPU
		{BEB0C315-1857-49EB-9974-A82C2EE50B09}.Release|Any CPU.ActiveCfg = Release|Any CPU
		{BEB0C315-1857-49EB-9974-A82C2EE50B09}.Release|Any CPU.Build.0 = Release|Any CPU
		{51CA2425-BD02-4B41-BF72-3A22C5658028}.Debug|Any CPU.ActiveCfg = Debug|Any CPU
		{51CA2425-BD02-4B41-BF72-3A22C5658028}.Debug|Any CPU.Build.0 = Debug|Any CPU
		{51CA2425-BD02-4B41-BF72-3A22C5658028}.Release|Any CPU.ActiveCfg = Release|Any CPU
		{51CA2425-BD02-4B41-BF72-3A22C5658028}.Release|Any CPU.Build.0 = Release|Any CPU
		{4E9DEEF8-D5A9-45E3-9EF0-AFC0347DA9F2}.Debug|Any CPU.ActiveCfg = Debug|Any CPU
		{4E9DEEF8-D5A9-45E3-9EF0-AFC0347DA9F2}.Debug|Any CPU.Build.0 = Debug|Any CPU
		{4E9DEEF8-D5A9-45E3-9EF0-AFC0347DA9F2}.Release|Any CPU.ActiveCfg = Release|Any CPU
		{4E9DEEF8-D5A9-45E3-9EF0-AFC0347DA9F2}.Release|Any CPU.Build.0 = Release|Any CPU
		{17B5DD79-4328-4C3A-8F25-AB916B2A8526}.Debug|Any CPU.ActiveCfg = Debug|Any CPU
		{17B5DD79-4328-4C3A-8F25-AB916B2A8526}.Debug|Any CPU.Build.0 = Debug|Any CPU
		{17B5DD79-4328-4C3A-8F25-AB916B2A8526}.Release|Any CPU.ActiveCfg = Release|Any CPU
		{17B5DD79-4328-4C3A-8F25-AB916B2A8526}.Release|Any CPU.Build.0 = Release|Any CPU
	EndGlobalSection
EndGlobal
